{
  "version": 4,
  "terraform_version": "1.7.1",
  "serial": 6,
  "lineage": "6456fe92-b0b4-c670-4661-61ac13e68a07",
  "outputs": {},
  "resources": [
    {
      "mode": "managed",
      "type": "azurerm_application_insights",
      "name": "app-insights",
      "provider": "provider[\"registry.terraform.io/hashicorp/azurerm\"]",
      "instances": [
        {
          "schema_version": 1,
          "attributes": {
            "app_id": "a32d72de-645d-437f-8565-f8d0286013f3",
            "application_type": "web",
            "connection_string": "InstrumentationKey=ae90240f-fa86-4bb1-b4be-614a4f4fec68;IngestionEndpoint=https://eastus-8.in.applicationinsights.azure.com/;LiveEndpoint=https://eastus.livediagnostics.monitor.azure.com/",
            "daily_data_cap_in_gb": 100,
            "daily_data_cap_notifications_disabled": false,
            "disable_ip_masking": false,
            "force_customer_storage_for_profiler": false,
            "id": "/subscriptions/e7384867-7ada-401e-88d0-1ba9c83fe9e9/resourceGroups/cloud-resume0136/providers/microsoft.insights/components/cloudresumetest",
            "instrumentation_key": "ae90240f-fa86-4bb1-b4be-614a4f4fec68",
            "internet_ingestion_enabled": true,
            "internet_query_enabled": true,
            "local_authentication_disabled": false,
            "location": "eastus",
            "name": "cloudresumetest",
            "resource_group_name": "cloud-resume0136",
            "retention_in_days": 90,
            "sampling_percentage": 0,
            "tags": {},
            "timeouts": null,
            "workspace_id": "/subscriptions/e7384867-7ada-401e-88d0-1ba9c83fe9e9/resourceGroups/DefaultResourceGroup-EUS/providers/Microsoft.OperationalInsights/workspaces/DefaultWorkspace-e7384867-7ada-401e-88d0-1ba9c83fe9e9-EUS"
          },
          "sensitive_attributes": [],
          "private": "eyJlMmJmYjczMC1lY2FhLTExZTYtOGY4OC0zNDM2M2JjN2M0YzAiOnsiY3JlYXRlIjozNjAwMDAwMDAwMDAwLCJkZWxldGUiOjE4MDAwMDAwMDAwMDAsInJlYWQiOjMwMDAwMDAwMDAwMCwidXBkYXRlIjoxODAwMDAwMDAwMDAwfSwic2NoZW1hX3ZlcnNpb24iOiIxIn0="
        }
      ]
    },
    {
      "mode": "managed",
      "type": "azurerm_function_app_function",
      "name": "https-trigger",
      "provider": "provider[\"registry.terraform.io/hashicorp/azurerm\"]",
      "instances": [
        {
          "schema_version": 0,
          "attributes": {
            "config_json": "{\"bindings\":[{\"authLevel\":\"ANONYMOUS\",\"direction\":\"IN\",\"name\":\"req\",\"route\":\"http_trigger\",\"type\":\"httpTrigger\"},{\"direction\":\"OUT\",\"name\":\"$return\",\"type\":\"http\"}],\"entryPoint\":\"http_trigger\",\"functionDirectory\":\"/home/site/wwwroot\",\"language\":\"python\",\"name\":\"http_trigger\",\"scriptFile\":\"function_app.py\"}",
            "config_url": "",
            "enabled": true,
            "file": [],
            "function_app_id": "/subscriptions/e7384867-7ada-401e-88d0-1ba9c83fe9e9/resourceGroups/cloud-resume0136/providers/Microsoft.Web/sites/camryn-cloud-resume",
            "id": "/subscriptions/e7384867-7ada-401e-88d0-1ba9c83fe9e9/resourceGroups/cloud-resume0136/providers/Microsoft.Web/sites/camryn-cloud-resume/functions/http_trigger",
            "invocation_url": "https://camryn-cloud-resume.azurewebsites.net/api/http_trigger",
            "language": "",
            "name": "http_trigger",
            "script_root_path_url": "",
            "script_url": "https://camryn-cloud-resume.azurewebsites.net/admin/vfs/home/site/wwwroot/function_app.py",
            "secrets_file_url": "",
            "test_data": "",
            "test_data_url": "https://camryn-cloud-resume.azurewebsites.net/admin/vfs/tmp/FunctionsData/http_trigger.dat",
            "timeouts": null,
            "url": "https://camryn-cloud-resume.azurewebsites.net/admin/functions/http_trigger"
          },
          "sensitive_attributes": [],
          "private": "eyJlMmJmYjczMC1lY2FhLTExZTYtOGY4OC0zNDM2M2JjN2M0YzAiOnsiY3JlYXRlIjoxODAwMDAwMDAwMDAwLCJkZWxldGUiOjMwMDAwMDAwMDAwMCwicmVhZCI6MzAwMDAwMDAwMDAwLCJ1cGRhdGUiOjE4MDAwMDAwMDAwMDB9LCJzY2hlbWFfdmVyc2lvbiI6IjAifQ=="
        }
      ]
    },
    {
      "mode": "managed",
      "type": "azurerm_linux_function_app",
      "name": "resume-function-app",
      "provider": "provider[\"registry.terraform.io/hashicorp/azurerm\"]",
      "instances": [
        {
          "schema_version": 1,
          "attributes": {
            "app_settings": {
              "AzureWebJobsFeatureFlags": "EnableWorkerIndexing",
              "AzureWebJobsSecretStorageType": "files",
              "CosmosDbConnectionSetting": "AccountEndpoint=https://camrynscloudresumedb.documents.azure.com:443/;AccountKey=iPJsQSQp5KaXJkYzj5vuA9mDhI5U6lYx0jezT0Rg24S2GMr0SvfcanK238Px4BVIeNkOgftpAh3SACDbS0GPjw=="
            },
            "auth_settings": [],
            "auth_settings_v2": [],
            "backup": [],
            "builtin_logging_enabled": false,
            "client_certificate_enabled": false,
            "client_certificate_exclusion_paths": "",
            "client_certificate_mode": "Required",
            "connection_string": [],
            "content_share_force_disabled": false,
            "custom_domain_verification_id": "C8D1FFE3C62DB9F8526F515C2373E21CDBE74A88DB0649EAE7A9DE834160F44D",
            "daily_memory_time_quota": 0,
            "default_hostname": "camryn-cloud-resume.azurewebsites.net",
            "enabled": true,
            "ftp_publish_basic_authentication_enabled": true,
            "functions_extension_version": "~4",
            "hosting_environment_id": "",
            "https_only": true,
            "id": "/subscriptions/e7384867-7ada-401e-88d0-1ba9c83fe9e9/resourceGroups/cloud-resume0136/providers/Microsoft.Web/sites/camryn-cloud-resume",
            "identity": [],
            "key_vault_reference_identity_id": "SystemAssigned",
            "kind": "functionapp,linux",
            "location": "eastus",
            "name": "camryn-cloud-resume",
            "outbound_ip_address_list": [
              "40.88.241.29",
              "52.146.29.58",
              "40.88.241.213",
              "40.88.242.116",
              "40.88.242.219",
              "40.88.243.53",
              "20.49.104.34"
            ],
            "outbound_ip_addresses": "40.88.241.29,52.146.29.58,40.88.241.213,40.88.242.116,40.88.242.219,40.88.243.53,20.49.104.34",
            "possible_outbound_ip_address_list": [
              "40.88.241.29",
              "52.146.29.58",
              "40.88.241.213",
              "40.88.242.116",
              "40.88.242.219",
              "40.88.243.53",
              "40.88.243.252",
              "40.88.247.230",
              "20.72.128.190",
              "20.72.128.227",
              "20.72.128.236",
              "20.72.128.254",
              "20.72.129.81",
              "20.72.129.88",
              "20.72.129.104",
              "20.72.129.156",
              "20.72.129.205",
              "20.72.129.240",
              "20.81.60.57",
              "20.81.58.169",
              "20.81.61.14",
              "20.81.61.57",
              "20.81.61.83",
              "20.81.61.104",
              "20.49.104.34"
            ],
            "possible_outbound_ip_addresses": "40.88.241.29,52.146.29.58,40.88.241.213,40.88.242.116,40.88.242.219,40.88.243.53,40.88.243.252,40.88.247.230,20.72.128.190,20.72.128.227,20.72.128.236,20.72.128.254,20.72.129.81,20.72.129.88,20.72.129.104,20.72.129.156,20.72.129.205,20.72.129.240,20.81.60.57,20.81.58.169,20.81.61.14,20.81.61.57,20.81.61.83,20.81.61.104,20.49.104.34",
            "public_network_access_enabled": true,
            "resource_group_name": "cloud-resume0136",
            "service_plan_id": "/subscriptions/e7384867-7ada-401e-88d0-1ba9c83fe9e9/resourceGroups/cloud-resume0136/providers/Microsoft.Web/serverFarms/ASP-cloudresume0136-8c15",
            "site_config": [
              {
                "always_on": false,
                "api_definition_url": "",
                "api_management_api_id": "",
                "app_command_line": "",
                "app_scale_limit": 200,
                "app_service_logs": [],
                "application_insights_connection_string": "InstrumentationKey=b5331654-f02f-4b5a-bb54-a2b2f3800333;IngestionEndpoint=https://eastus-8.in.applicationinsights.azure.com/;LiveEndpoint=https://eastus.livediagnostics.monitor.azure.com/",
                "application_insights_key": "",
                "application_stack": [
                  {
                    "docker": [],
                    "dotnet_version": "",
                    "java_version": "",
                    "node_version": "",
                    "powershell_core_version": "",
                    "python_version": "3.11",
                    "use_custom_runtime": false,
                    "use_dotnet_isolated_runtime": false
                  }
                ],
                "container_registry_managed_identity_client_id": "",
                "container_registry_use_managed_identity": false,
                "cors": [
                  {
                    "allowed_origins": [
                      "*"
                    ],
                    "support_credentials": false
                  }
                ],
                "default_documents": [
                  "Default.htm",
                  "Default.html",
                  "Default.asp",
                  "index.htm",
                  "index.html",
                  "iisstart.htm",
                  "default.aspx",
                  "index.php"
                ],
                "detailed_error_logging_enabled": false,
                "elastic_instance_minimum": 0,
                "ftps_state": "FtpsOnly",
                "health_check_eviction_time_in_min": 0,
                "health_check_path": "",
                "http2_enabled": false,
                "ip_restriction": [],
                "linux_fx_version": "PYTHON|3.11",
                "load_balancing_mode": "LeastRequests",
                "managed_pipeline_mode": "Integrated",
                "minimum_tls_version": "1.2",
                "pre_warmed_instance_count": 0,
                "remote_debugging_enabled": false,
                "remote_debugging_version": "VS2019",
                "runtime_scale_monitoring_enabled": false,
                "scm_ip_restriction": [],
                "scm_minimum_tls_version": "1.2",
                "scm_type": "None",
                "scm_use_main_ip_restriction": false,
                "use_32_bit_worker": false,
                "vnet_route_all_enabled": false,
                "websockets_enabled": false,
                "worker_count": 1
              }
            ],
            "site_credential": [
              {
                "name": "$camryn-cloud-resume",
                "password": "AQKkPHQMZJoNSLXpLIlR20_fA8GFsgE.o9MWSdg9ncrwYjQP8HVObOUWBFM9gX9-L8gNyY3o9ko"
              }
            ],
            "sticky_settings": [],
            "storage_account": [],
            "storage_account_access_key": "+KSiemnqZSNjD/Ndh2pd0DvIXXncSHUVN1xRGtkK6qtLIAryLPsSdupHA8rKZjFjIOdPS+hiNc19+AStHHcpgA==",
            "storage_account_name": "cloudresumestorage0316",
            "storage_key_vault_secret_id": "",
            "storage_uses_managed_identity": false,
            "tags": {
              "hidden-link: /app-insights-conn-string": "InstrumentationKey=b5331654-f02f-4b5a-bb54-a2b2f3800333;IngestionEndpoint=https://eastus-8.in.applicationinsights.azure.com/;LiveEndpoint=https://eastus.livediagnostics.monitor.azure.com/",
              "hidden-link: /app-insights-instrumentation-key": "b5331654-f02f-4b5a-bb54-a2b2f3800333",
              "hidden-link: /app-insights-resource-id": "/subscriptions/e7384867-7ada-401e-88d0-1ba9c83fe9e9/resourceGroups/cloud-resume0136/providers/microsoft.insights/components/camryn-cloud-resume"
            },
            "timeouts": null,
            "virtual_network_subnet_id": "",
            "webdeploy_publish_basic_authentication_enabled": true,
            "zip_deploy_file": ""
          },
          "sensitive_attributes": [],
          "private": "eyJlMmJmYjczMC1lY2FhLTExZTYtOGY4OC0zNDM2M2JjN2M0YzAiOnsiY3JlYXRlIjoxODAwMDAwMDAwMDAwLCJkZWxldGUiOjE4MDAwMDAwMDAwMDAsInJlYWQiOjMwMDAwMDAwMDAwMCwidXBkYXRlIjoxODAwMDAwMDAwMDAwfSwic2NoZW1hX3ZlcnNpb24iOiIxIn0="
        }
      ]
    },
    {
      "mode": "managed",
      "type": "azurerm_resource_group",
      "name": "rg1",
      "provider": "provider[\"registry.terraform.io/hashicorp/azurerm\"]",
      "instances": [
        {
          "schema_version": 0,
          "attributes": {
            "id": "/subscriptions/e7384867-7ada-401e-88d0-1ba9c83fe9e9/resourceGroups/cloud-resume0136",
            "location": "eastus",
            "managed_by": "",
            "name": "cloud-resume0136",
            "tags": {},
            "timeouts": null
          },
          "sensitive_attributes": [],
          "private": "eyJlMmJmYjczMC1lY2FhLTExZTYtOGY4OC0zNDM2M2JjN2M0YzAiOnsiY3JlYXRlIjo1NDAwMDAwMDAwMDAwLCJkZWxldGUiOjU0MDAwMDAwMDAwMDAsInJlYWQiOjMwMDAwMDAwMDAwMCwidXBkYXRlIjo1NDAwMDAwMDAwMDAwfSwic2NoZW1hX3ZlcnNpb24iOiIwIn0="
        }
      ]
    },
    {
      "mode": "managed",
      "type": "azurerm_service_plan",
      "name": "app-service-plan",
      "provider": "provider[\"registry.terraform.io/hashicorp/azurerm\"]",
      "instances": [
        {
          "schema_version": 1,
          "attributes": {
            "app_service_environment_id": "",
            "id": "/subscriptions/e7384867-7ada-401e-88d0-1ba9c83fe9e9/resourceGroups/cloud-resume0136/providers/Microsoft.Web/serverFarms/ASP-cloudresume0136-8c15",
            "kind": "functionapp",
            "location": "eastus",
            "maximum_elastic_worker_count": 1,
            "name": "ASP-cloudresume0136-8c15",
            "os_type": "Linux",
            "per_site_scaling_enabled": false,
            "reserved": true,
            "resource_group_name": "cloud-resume0136",
            "sku_name": "Y1",
            "tags": {},
            "timeouts": null,
            "worker_count": 0,
            "zone_balancing_enabled": false
          },
          "sensitive_attributes": [],
          "private": "eyJlMmJmYjczMC1lY2FhLTExZTYtOGY4OC0zNDM2M2JjN2M0YzAiOnsiY3JlYXRlIjozNjAwMDAwMDAwMDAwLCJkZWxldGUiOjM2MDAwMDAwMDAwMDAsInJlYWQiOjMwMDAwMDAwMDAwMCwidXBkYXRlIjozNjAwMDAwMDAwMDAwfSwic2NoZW1hX3ZlcnNpb24iOiIxIn0="
        }
      ]
    },
    {
      "mode": "managed",
      "type": "azurerm_storage_account",
      "name": "storage-account",
      "provider": "provider[\"registry.terraform.io/hashicorp/azurerm\"]",
      "instances": [
        {
          "schema_version": 4,
          "attributes": {
            "access_tier": "Hot",
            "account_kind": "StorageV2",
            "account_replication_type": "LRS",
            "account_tier": "Standard",
            "allow_nested_items_to_be_public": false,
            "allowed_copy_scope": "",
            "azure_files_authentication": [],
            "blob_properties": [
              {
                "change_feed_enabled": false,
                "change_feed_retention_in_days": 0,
                "container_delete_retention_policy": [
                  {
                    "days": 7
                  }
                ],
                "cors_rule": [],
                "default_service_version": "",
                "delete_retention_policy": [
                  {
                    "days": 7
                  }
                ],
                "last_access_time_enabled": false,
                "restore_policy": [],
                "versioning_enabled": false
              }
            ],
            "cross_tenant_replication_enabled": false,
            "custom_domain": [],
            "customer_managed_key": [],
            "default_to_oauth_authentication": false,
            "edge_zone": "",
            "enable_https_traffic_only": true,
            "id": "/subscriptions/e7384867-7ada-401e-88d0-1ba9c83fe9e9/resourceGroups/cloud-resume0136/providers/Microsoft.Storage/storageAccounts/cloudresumestorage0316",
            "identity": [],
            "immutability_policy": [],
            "infrastructure_encryption_enabled": false,
            "is_hns_enabled": false,
            "large_file_share_enabled": null,
            "local_user_enabled": true,
            "location": "eastus",
            "min_tls_version": "TLS1_2",
            "name": "cloudresumestorage0316",
            "network_rules": [
              {
                "bypass": [
                  "AzureServices"
                ],
                "default_action": "Allow",
                "ip_rules": [],
                "private_link_access": [],
                "virtual_network_subnet_ids": []
              }
            ],
            "nfsv3_enabled": false,
            "primary_access_key": "+KSiemnqZSNjD/Ndh2pd0DvIXXncSHUVN1xRGtkK6qtLIAryLPsSdupHA8rKZjFjIOdPS+hiNc19+AStHHcpgA==",
            "primary_blob_connection_string": "DefaultEndpointsProtocol=https;BlobEndpoint=https://cloudresumestorage0316.blob.core.windows.net/;AccountName=cloudresumestorage0316;AccountKey=+KSiemnqZSNjD/Ndh2pd0DvIXXncSHUVN1xRGtkK6qtLIAryLPsSdupHA8rKZjFjIOdPS+hiNc19+AStHHcpgA==",
            "primary_blob_endpoint": "https://cloudresumestorage0316.blob.core.windows.net/",
            "primary_blob_host": "cloudresumestorage0316.blob.core.windows.net",
            "primary_blob_internet_endpoint": null,
            "primary_blob_internet_host": null,
            "primary_blob_microsoft_endpoint": null,
            "primary_blob_microsoft_host": null,
            "primary_connection_string": "DefaultEndpointsProtocol=https;AccountName=cloudresumestorage0316;AccountKey=+KSiemnqZSNjD/Ndh2pd0DvIXXncSHUVN1xRGtkK6qtLIAryLPsSdupHA8rKZjFjIOdPS+hiNc19+AStHHcpgA==;EndpointSuffix=core.windows.net",
            "primary_dfs_endpoint": "https://cloudresumestorage0316.dfs.core.windows.net/",
            "primary_dfs_host": "cloudresumestorage0316.dfs.core.windows.net",
            "primary_dfs_internet_endpoint": null,
            "primary_dfs_internet_host": null,
            "primary_dfs_microsoft_endpoint": null,
            "primary_dfs_microsoft_host": null,
            "primary_file_endpoint": "https://cloudresumestorage0316.file.core.windows.net/",
            "primary_file_host": "cloudresumestorage0316.file.core.windows.net",
            "primary_file_internet_endpoint": null,
            "primary_file_internet_host": null,
            "primary_file_microsoft_endpoint": null,
            "primary_file_microsoft_host": null,
            "primary_location": "eastus",
            "primary_queue_endpoint": "https://cloudresumestorage0316.queue.core.windows.net/",
            "primary_queue_host": "cloudresumestorage0316.queue.core.windows.net",
            "primary_queue_microsoft_endpoint": null,
            "primary_queue_microsoft_host": null,
            "primary_table_endpoint": "https://cloudresumestorage0316.table.core.windows.net/",
            "primary_table_host": "cloudresumestorage0316.table.core.windows.net",
            "primary_table_microsoft_endpoint": null,
            "primary_table_microsoft_host": null,
            "primary_web_endpoint": "https://cloudresumestorage0316.z13.web.core.windows.net/",
            "primary_web_host": "cloudresumestorage0316.z13.web.core.windows.net",
            "primary_web_internet_endpoint": null,
            "primary_web_internet_host": null,
            "primary_web_microsoft_endpoint": null,
            "primary_web_microsoft_host": null,
            "public_network_access_enabled": true,
            "queue_encryption_key_type": "Service",
            "queue_properties": [
              {
                "cors_rule": [],
                "hour_metrics": [
                  {
                    "enabled": true,
                    "include_apis": true,
                    "retention_policy_days": 7,
                    "version": "1.0"
                  }
                ],
                "logging": [
                  {
                    "delete": false,
                    "read": false,
                    "retention_policy_days": 0,
                    "version": "1.0",
                    "write": false
                  }
                ],
                "minute_metrics": [
                  {
                    "enabled": false,
                    "include_apis": false,
                    "retention_policy_days": 0,
                    "version": "1.0"
                  }
                ]
              }
            ],
            "resource_group_name": "cloud-resume0136",
            "routing": [],
            "sas_policy": [],
            "secondary_access_key": "Y4cxbSnXhHwkqePlV1ZxPDJhKtQTRT+O8MrX3OG1F5Pmuk8dkWPGkPnzsZtAaXlJzhgXpuM9ePFA+AStjhlyaA==",
            "secondary_blob_connection_string": "",
            "secondary_blob_endpoint": null,
            "secondary_blob_host": null,
            "secondary_blob_internet_endpoint": null,
            "secondary_blob_internet_host": null,
            "secondary_blob_microsoft_endpoint": null,
            "secondary_blob_microsoft_host": null,
            "secondary_connection_string": "DefaultEndpointsProtocol=https;AccountName=cloudresumestorage0316;AccountKey=Y4cxbSnXhHwkqePlV1ZxPDJhKtQTRT+O8MrX3OG1F5Pmuk8dkWPGkPnzsZtAaXlJzhgXpuM9ePFA+AStjhlyaA==;EndpointSuffix=core.windows.net",
            "secondary_dfs_endpoint": null,
            "secondary_dfs_host": null,
            "secondary_dfs_internet_endpoint": null,
            "secondary_dfs_internet_host": null,
            "secondary_dfs_microsoft_endpoint": null,
            "secondary_dfs_microsoft_host": null,
            "secondary_file_endpoint": null,
            "secondary_file_host": null,
            "secondary_file_internet_endpoint": null,
            "secondary_file_internet_host": null,
            "secondary_file_microsoft_endpoint": null,
            "secondary_file_microsoft_host": null,
            "secondary_location": "",
            "secondary_queue_endpoint": null,
            "secondary_queue_host": null,
            "secondary_queue_microsoft_endpoint": null,
            "secondary_queue_microsoft_host": null,
            "secondary_table_endpoint": null,
            "secondary_table_host": null,
            "secondary_table_microsoft_endpoint": null,
            "secondary_table_microsoft_host": null,
            "secondary_web_endpoint": null,
            "secondary_web_host": null,
            "secondary_web_internet_endpoint": null,
            "secondary_web_internet_host": null,
            "secondary_web_microsoft_endpoint": null,
            "secondary_web_microsoft_host": null,
            "sftp_enabled": false,
            "share_properties": [
              {
                "cors_rule": [],
                "retention_policy": [
                  {
                    "days": 7
                  }
                ],
                "smb": []
              }
            ],
            "shared_access_key_enabled": true,
            "static_website": [
              {
                "error_404_document": "404.html",
                "index_document": "index.html"
              }
            ],
            "table_encryption_key_type": "Service",
            "tags": {},
            "timeouts": null
          },
          "sensitive_attributes": [],
          "private": "eyJlMmJmYjczMC1lY2FhLTExZTYtOGY4OC0zNDM2M2JjN2M0YzAiOnsiY3JlYXRlIjozNjAwMDAwMDAwMDAwLCJkZWxldGUiOjM2MDAwMDAwMDAwMDAsInJlYWQiOjMwMDAwMDAwMDAwMCwidXBkYXRlIjozNjAwMDAwMDAwMDAwfSwic2NoZW1hX3ZlcnNpb24iOiI0In0="
        }
      ]
    }
  ],
  "check_results": null
}
